// !$*UTF8*$!
{
	archiveVersion = 1;
	classes = {
	};
	objectVersion = 50;
	objects = {

/* Begin PBXBuildFile section */
		FA8BF9392618785B0092138D /* AppDelegate.swift in Sources */ = {isa = PBXBuildFile; fileRef = FA8BF9382618785B0092138D /* AppDelegate.swift */; };
		FA8BF93B2618785B0092138D /* SceneDelegate.swift in Sources */ = {isa = PBXBuildFile; fileRef = FA8BF93A2618785B0092138D /* SceneDelegate.swift */; };
		FA8BF93D2618785B0092138D /* LoginViewController.swift in Sources */ = {isa = PBXBuildFile; fileRef = FA8BF93C2618785B0092138D /* LoginViewController.swift */; };
		FA8BF9402618785B0092138D /* Main.storyboard in Resources */ = {isa = PBXBuildFile; fileRef = FA8BF93E2618785B0092138D /* Main.storyboard */; };
		FA8BF9422618785C0092138D /* Assets.xcassets in Resources */ = {isa = PBXBuildFile; fileRef = FA8BF9412618785C0092138D /* Assets.xcassets */; };
		FA8BF9452618785C0092138D /* LaunchScreen.storyboard in Resources */ = {isa = PBXBuildFile; fileRef = FA8BF9432618785C0092138D /* LaunchScreen.storyboard */; };
		FA8BF94F2618E8B30092138D /* WelcomViewController.swift in Sources */ = {isa = PBXBuildFile; fileRef = FA8BF94E2618E8B30092138D /* WelcomViewController.swift */; };
		FAC0A5B2261F5A7500E0DE41 /* User.swift in Sources */ = {isa = PBXBuildFile; fileRef = FAC0A5B1261F5A7500E0DE41 /* User.swift */; };
		FAC0A5B7261F625E00E0DE41 /* Person.swift in Sources */ = {isa = PBXBuildFile; fileRef = FAC0A5B6261F625E00E0DE41 /* Person.swift */; };
		FAC0A5BE261FA97B00E0DE41 /* TwoScreenViewController.swift in Sources */ = {isa = PBXBuildFile; fileRef = FAC0A5BD261FA97B00E0DE41 /* TwoScreenViewController.swift */; };
		FAC0A5C1261FB78300E0DE41 /* ThreeScreenViewController.swift in Sources */ = {isa = PBXBuildFile; fileRef = FAC0A5C0261FB78300E0DE41 /* ThreeScreenViewController.swift */; };
/* End PBXBuildFile section */

/* Begin PBXFileReference section */
		FA8BF9352618785B0092138D /* LoginSkreen.app */ = {isa = PBXFileReference; explicitFileType = wrapper.application; includeInIndex = 0; path = LoginSkreen.app; sourceTree = BUILT_PRODUCTS_DIR; };
		FA8BF9382618785B0092138D /* AppDelegate.swift */ = {isa = PBXFileReference; lastKnownFileType = sourcecode.swift; path = AppDelegate.swift; sourceTree = "<group>"; };
		FA8BF93A2618785B0092138D /* SceneDelegate.swift */ = {isa = PBXFileReference; lastKnownFileType = sourcecode.swift; path = SceneDelegate.swift; sourceTree = "<group>"; };
		FA8BF93C2618785B0092138D /* LoginViewController.swift */ = {isa = PBXFileReference; lastKnownFileType = sourcecode.swift; path = LoginViewController.swift; sourceTree = "<group>"; };
		FA8BF93F2618785B0092138D /* Base */ = {isa = PBXFileReference; lastKnownFileType = file.storyboard; name = Base; path = Base.lproj/Main.storyboard; sourceTree = "<group>"; };
		FA8BF9412618785C0092138D /* Assets.xcassets */ = {isa = PBXFileReference; lastKnownFileType = folder.assetcatalog; path = Assets.xcassets; sourceTree = "<group>"; };
		FA8BF9442618785C0092138D /* Base */ = {isa = PBXFileReference; lastKnownFileType = file.storyboard; name = Base; path = Base.lproj/LaunchScreen.storyboard; sourceTree = "<group>"; };
		FA8BF9462618785C0092138D /* Info.plist */ = {isa = PBXFileReference; lastKnownFileType = text.plist.xml; path = Info.plist; sourceTree = "<group>"; };
		FA8BF94E2618E8B30092138D /* WelcomViewController.swift */ = {isa = PBXFileReference; lastKnownFileType = sourcecode.swift; path = WelcomViewController.swift; sourceTree = "<group>"; };
		FAC0A5B1261F5A7500E0DE41 /* User.swift */ = {isa = PBXFileReference; lastKnownFileType = sourcecode.swift; path = User.swift; sourceTree = "<group>"; };
		FAC0A5B6261F625E00E0DE41 /* Person.swift */ = {isa = PBXFileReference; lastKnownFileType = sourcecode.swift; path = Person.swift; sourceTree = "<group>"; };
		FAC0A5BD261FA97B00E0DE41 /* TwoScreenViewController.swift */ = {isa = PBXFileReference; lastKnownFileType = sourcecode.swift; path = TwoScreenViewController.swift; sourceTree = "<group>"; };
		FAC0A5C0261FB78300E0DE41 /* ThreeScreenViewController.swift */ = {isa = PBXFileReference; lastKnownFileType = sourcecode.swift; path = ThreeScreenViewController.swift; sourceTree = "<group>"; };
/* End PBXFileReference section */

/* Begin PBXFrameworksBuildPhase section */
		FA8BF9322618785B0092138D /* Frameworks */ = {
			isa = PBXFrameworksBuildPhase;
			buildActionMask = 2147483647;
			files = (
			);
			runOnlyForDeploymentPostprocessing = 0;
		};
/* End PBXFrameworksBuildPhase section */

/* Begin PBXGroup section */
		FA8BF92C2618785B0092138D = {
			isa = PBXGroup;
			children = (
				FA8BF9372618785B0092138D /* LoginSkreen */,
				FA8BF9362618785B0092138D /* Products */,
			);
			sourceTree = "<group>";
		};
		FA8BF9362618785B0092138D /* Products */ = {
			isa = PBXGroup;
			children = (
				FA8BF9352618785B0092138D /* LoginSkreen.app */,
			);
			name = Products;
			sourceTree = "<group>";
		};
		FA8BF9372618785B0092138D /* LoginSkreen */ = {
			isa = PBXGroup;
			children = (
				FAC0A5AA261F58B000E0DE41 /* ViewControllers */,
				FAC0A5AC261F58ED00E0DE41 /* Models */,
				FAC0A5AD261F591100E0DE41 /* Storyboards */,
				FAC0A5AF261F596500E0DE41 /* Supporting */,
				FAC0A5AE261F593F00E0DE41 /* Resources */,
			);
			path = LoginSkreen;
			sourceTree = "<group>";
		};
		FAC0A5AA261F58B000E0DE41 /* ViewControllers */ = {
			isa = PBXGroup;
			children = (
				FA8BF94E2618E8B30092138D /* WelcomViewController.swift */,
				FA8BF93C2618785B0092138D /* LoginViewController.swift */,
				FAC0A5BD261FA97B00E0DE41 /* TwoScreenViewController.swift */,
				FAC0A5C0261FB78300E0DE41 /* ThreeScreenViewController.swift */,
			);
			path = ViewControllers;
			sourceTree = "<group>";
		};
		FAC0A5AC261F58ED00E0DE41 /* Models */ = {
			isa = PBXGroup;
			children = (
				FAC0A5B1261F5A7500E0DE41 /* User.swift */,
				FAC0A5B6261F625E00E0DE41 /* Person.swift */,
			);
			path = Models;
			sourceTree = "<group>";
		};
		FAC0A5AD261F591100E0DE41 /* Storyboards */ = {
			isa = PBXGroup;
			children = (
				FA8BF93E2618785B0092138D /* Main.storyboard */,
				FA8BF9432618785C0092138D /* LaunchScreen.storyboard */,
			);
			path = Storyboards;
			sourceTree = "<group>";
		};
		FAC0A5AE261F593F00E0DE41 /* Resources */ = {
			isa = PBXGroup;
			children = (
				FA8BF9412618785C0092138D /* Assets.xcassets */,
			);
			path = Resources;
			sourceTree = "<group>";
		};
		FAC0A5AF261F596500E0DE41 /* Supporting */ = {
			isa = PBXGroup;
			children = (
				FA8BF9382618785B0092138D /* AppDelegate.swift */,
				FA8BF93A2618785B0092138D /* SceneDelegate.swift */,
				FA8BF9462618785C0092138D /* Info.plist */,
			);
			path = Supporting;
			sourceTree = "<group>";
		};
/* End PBXGroup section */

/* Begin PBXNativeTarget section */
		FA8BF9342618785B0092138D /* LoginSkreen */ = {
			isa = PBXNativeTarget;
			buildConfigurationList = FA8BF9492618785C0092138D /* Build configuration list for PBXNativeTarget "LoginSkreen" */;
			buildPhases = (
				FA8BF9312618785B0092138D /* Sources */,
				FA8BF9322618785B0092138D /* Frameworks */,
				FA8BF9332618785B0092138D /* Resources */,
			);
			buildRules = (
			);
			dependencies = (
			);
			name = LoginSkreen;
			productName = LoginSkreen;
			productReference = FA8BF9352618785B0092138D /* LoginSkreen.app */;
			productType = "com.apple.product-type.application";
		};
/* End PBXNativeTarget section */

/* Begin PBXProject section */
		FA8BF92D2618785B0092138D /* Project object */ = {
			isa = PBXProject;
			attributes = {
				LastSwiftUpdateCheck = 1240;
				LastUpgradeCheck = 1240;
				TargetAttributes = {
					FA8BF9342618785B0092138D = {
						CreatedOnToolsVersion = 12.4;
					};
				};
			};
			buildConfigurationList = FA8BF9302618785B0092138D /* Build configuration list for PBXProject "LoginSkreen" */;
			compatibilityVersion = "Xcode 9.3";
			developmentRegion = en;
			hasScannedForEncodings = 0;
			knownRegions = (
				en,
				Base,
			);
			mainGroup = FA8BF92C2618785B0092138D;
			productRefGroup = FA8BF9362618785B0092138D /* Products */;
			projectDirPath = "";
			projectRoot = "";
			targets = (
				FA8BF9342618785B0092138D /* LoginSkreen */,
			);
		};
/* End PBXProject section */

/* Begin PBXResourcesBuildPhase section */
		FA8BF9332618785B0092138D /* Resources */ = {
			isa = PBXResourcesBuildPhase;
			buildActionMask = 2147483647;
			files = (
				FA8BF9452618785C0092138D /* LaunchScreen.storyboard in Resources */,
				FA8BF9422618785C0092138D /* Assets.xcassets in Resources */,
				FA8BF9402618785B0092138D /* Main.storyboard in Resources */,
			);
			runOnlyForDeploymentPostprocessing = 0;
		};
/* End PBXResourcesBuildPhase section */

/* Begin PBXSourcesBuildPhase section */
		FA8BF9312618785B0092138D /* Sources */ = {
			isa = PBXSourcesBuildPhase;
			buildActionMask = 2147483647;
			files = (
				FAC0A5B7261F625E00E0DE41 /* Person.swift in Sources */,
				FAC0A5C1261FB78300E0DE41 /* ThreeScreenViewController.swift in Sources */,
				FA8BF93D2618785B0092138D /* LoginViewController.swift in Sources */,
				FA8BF9392618785B0092138D /* AppDelegate.swift in Sources */,
				FA8BF93B2618785B0092138D /* SceneDelegate.swift in Sources */,
				FAC0A5BE261FA97B00E0DE41 /* TwoScreenViewController.swift in Sources */,
				FAC0A5B2261F5A7500E0DE41 /* User.swift in Sources */,
				FA8BF94F2618E8B30092138D /* WelcomViewController.swift in Sources */,
			);
			runOnlyForDeploymentPostprocessing = 0;
		};
/* End PBXSourcesBuildPhase section */

/* Begin PBXVariantGroup section */
		FA8BF93E2618785B0092138D /* Main.storyboard */ = {
			isa = PBXVariantGroup;
			children = (
				FA8BF93F2618785B0092138D /* Base */,
			);
			name = Main.storyboard;
			sourceTree = "<group>";
		};
		FA8BF9432618785C0092138D /* LaunchScreen.storyboard */ = {
			isa = PBXVariantGroup;
			children = (
				FA8BF9442618785C0092138D /* Base */,
			);
			name = LaunchScreen.storyboard;
			sourceTree = "<group>";
		};
/* End PBXVariantGroup section */

/* Begin XCBuildConfiguration section */
		FA8BF9472618785C0092138D /* Debug */ = {
			isa = XCBuildConfiguration;
			buildSettings = {
				ALWAYS_SEARCH_USER_PATHS = NO;
				CLANG_ANALYZER_NONNULL = YES;
				CLANG_ANALYZER_NUMBER_OBJECT_CONVERSION = YES_AGGRESSIVE;
				CLANG_CXX_LANGUAGE_STANDARD = "gnu++14";
				CLANG_CXX_LIBRARY = "libc++";
				CLANG_ENABLE_MODULES = YES;
				CLANG_ENABLE_OBJC_ARC = YES;
				CLANG_ENABLE_OBJC_WEAK = YES;
				CLANG_WARN_BLOCK_CAPTURE_AUTORELEASING = YES;
				CLANG_WARN_BOOL_CONVERSION = YES;
				CLANG_WARN_COMMA = YES;
				CLANG_WARN_CONSTANT_CONVERSION = YES;
				CLANG_WARN_DEPRECATED_OBJC_IMPLEMENTATIONS = YES;
				CLANG_WARN_DIRECT_OBJC_ISA_USAGE = YES_ERROR;
				CLANG_WARN_DOCUMENTATION_COMMENTS = YES;
				CLANG_WARN_EMPTY_BODY = YES;
				CLANG_WARN_ENUM_CONVERSION = YES;
				CLANG_WARN_INFINITE_RECURSION = YES;
				CLANG_WARN_INT_CONVERSION = YES;
				CLANG_WARN_NON_LITERAL_NULL_CONVERSION = YES;
				CLANG_WARN_OBJC_IMPLICIT_RETAIN_SELF = YES;
				CLANG_WARN_OBJC_LITERAL_CONVERSION = YES;
				CLANG_WARN_OBJC_ROOT_CLASS = YES_ERROR;
				CLANG_WARN_QUOTED_INCLUDE_IN_FRAMEWORK_HEADER = YES;
				CLANG_WARN_RANGE_LOOP_ANALYSIS = YES;
				CLANG_WARN_STRICT_PROTOTYPES = YES;
				CLANG_WARN_SUSPICIOUS_MOVE = YES;
				CLANG_WARN_UNGUARDED_AVAILABILITY = YES_AGGRESSIVE;
				CLANG_WARN_UNREACHABLE_CODE = YES;
				CLANG_WARN__DUPLICATE_METHOD_MATCH = YES;
				COPY_PHASE_STRIP = NO;
				DEBUG_INFORMATION_FORMAT = dwarf;
				ENABLE_STRICT_OBJC_MSGSEND = YES;
				ENABLE_TESTABILITY = YES;
				GCC_C_LANGUAGE_STANDARD = gnu11;
				GCC_DYNAMIC_NO_PIC = NO;
				GCC_NO_COMMON_BLOCKS = YES;
				GCC_OPTIMIZATION_LEVEL = 0;
				GCC_PREPROCESSOR_DEFINITIONS = (
					"DEBUG=1",
					"$(inherited)",
				);
				GCC_WARN_64_TO_32_BIT_CONVERSION = YES;
				GCC_WARN_ABOUT_RETURN_TYPE = YES_ERROR;
				GCC_WARN_UNDECLARED_SELECTOR = YES;
				GCC_WARN_UNINITIALIZED_AUTOS = YES_AGGRESSIVE;
				GCC_WARN_UNUSED_FUNCTION = YES;
				GCC_WARN_UNUSED_VARIABLE = YES;
				IPHONEOS_DEPLOYMENT_TARGET = 14.4;
				MTL_ENABLE_DEBUG_INFO = INCLUDE_SOURCE;
				MTL_FAST_MATH = YES;
				ONLY_ACTIVE_ARCH = YES;
				SDKROOT = iphoneos;
				SWIFT_ACTIVE_COMPILATION_CONDITIONS = DEBUG;
				SWIFT_OPTIMIZATION_LEVEL = "-Onone";
			};
			name = Debug;
		};
		FA8BF9482618785C0092138D /* Release */ = {
			isa = XCBuildConfiguration;
			buildSettings = {
				ALWAYS_SEARCH_USER_PATHS = NO;
				CLANG_ANALYZER_NONNULL = YES;
				CLANG_ANALYZER_NUMBER_OBJECT_CONVERSION = YES_AGGRESSIVE;
				CLANG_CXX_LANGUAGE_STANDARD = "gnu++14";
				CLANG_CXX_LIBRARY = "libc++";
				CLANG_ENABLE_MODULES = YES;
				CLANG_ENABLE_OBJC_ARC = YES;
				CLANG_ENABLE_OBJC_WEAK = YES;
				CLANG_WARN_BLOCK_CAPTURE_AUTORELEASING = YES;
				CLANG_WARN_BOOL_CONVERSION = YES;
				CLANG_WARN_COMMA = YES;
				CLANG_WARN_CONSTANT_CONVERSION = YES;
				CLANG_WARN_DEPRECATED_OBJC_IMPLEMENTATIONS = YES;
				CLANG_WARN_DIRECT_OBJC_ISA_USAGE = YES_ERROR;
				CLANG_WARN_DOCUMENTATION_COMMENTS = YES;
				CLANG_WARN_EMPTY_BODY = YES;
				CLANG_WARN_ENUM_CONVERSION = YES;
				CLANG_WARN_INFINITE_RECURSION = YES;
				CLANG_WARN_INT_CONVERSION = YES;
				CLANG_WARN_NON_LITERAL_NULL_CONVERSION = YES;
				CLANG_WARN_OBJC_IMPLICIT_RETAIN_SELF = YES;
				CLANG_WARN_OBJC_LITERAL_CONVERSION = YES;
				CLANG_WARN_OBJC_ROOT_CLASS = YES_ERROR;
				CLANG_WARN_QUOTED_INCLUDE_IN_FRAMEWORK_HEADER = YES;
				CLANG_WARN_RANGE_LOOP_ANALYSIS = YES;
				CLANG_WARN_STRICT_PROTOTYPES = YES;
				CLANG_WARN_SUSPICIOUS_MOVE = YES;
				CLANG_WARN_UNGUARDED_AVAILABILITY = YES_AGGRESSIVE;
				CLANG_WARN_UNREACHABLE_CODE = YES;
				CLANG_WARN__DUPLICATE_METHOD_MATCH = YES;
				COPY_PHASE_STRIP = NO;
				DEBUG_INFORMATION_FORMAT = "dwarf-with-dsym";
				ENABLE_NS_ASSERTIONS = NO;
				ENABLE_STRICT_OBJC_MSGSEND = YES;
				GCC_C_LANGUAGE_STANDARD = gnu11;
				GCC_NO_COMMON_BLOCKS = YES;
				GCC_WARN_64_TO_32_BIT_CONVERSION = YES;
				GCC_WARN_ABOUT_RETURN_TYPE = YES_ERROR;
				GCC_WARN_UNDECLARED_SELECTOR = YES;
				GCC_WARN_UNINITIALIZED_AUTOS = YES_AGGRESSIVE;
				GCC_WARN_UNUSED_FUNCTION = YES;
				GCC_WARN_UNUSED_VARIABLE = YES;
				IPHONEOS_DEPLOYMENT_TARGET = 14.4;
				MTL_ENABLE_DEBUG_INFO = NO;
				MTL_FAST_MATH = YES;
				SDKROOT = iphoneos;
				SWIFT_COMPILATION_MODE = wholemodule;
				SWIFT_OPTIMIZATION_LEVEL = "-O";
				VALIDATE_PRODUCT = YES;
			};
			name = Release;
		};
		FA8BF94A2618785C0092138D /* Debug */ = {
			isa = XCBuildConfiguration;
			buildSettings = {
				ASSETCATALOG_COMPILER_APPICON_NAME = AppIcon;
				ASSETCATALOG_COMPILER_GLOBAL_ACCENT_COLOR_NAME = AccentColor;
				CODE_SIGN_STYLE = Automatic;
				INFOPLIST_FILE = LoginSkreen/Supporting/Info.plist;
				LD_RUNPATH_SEARCH_PATHS = (
					"$(inherited)",
					"@executable_path/Frameworks",
				);
				PRODUCT_BUNDLE_IDENTIFIER = "Nikita-Alekseev.LoginSkreen";
				PRODUCT_NAME = "$(TARGET_NAME)";
				SWIFT_VERSION = 5.0;
				TARGETED_DEVICE_FAMILY = "1,2";
			};
			name = Debug;
		};
		FA8BF94B2618785C0092138D /* Release */ = {
			isa = XCBuildConfiguration;
			buildSettings = {
				ASSETCATALOG_COMPILER_APPICON_NAME = AppIcon;
				ASSETCATALOG_COMPILER_GLOBAL_ACCENT_COLOR_NAME = AccentColor;
				CODE_SIGN_STYLE = Automatic;
				INFOPLIST_FILE = LoginSkreen/Supporting/Info.plist;
				LD_RUNPATH_SEARCH_PATHS = (
					"$(inherited)",
					"@executable_path/Frameworks",
				);
				PRODUCT_BUNDLE_IDENTIFIER = "Nikita-Alekseev.LoginSkreen";
				PRODUCT_NAME = "$(TARGET_NAME)";
				SWIFT_VERSION = 5.0;
				TARGETED_DEVICE_FAMILY = "1,2";
			};
			name = Release;
		};
/* End XCBuildConfiguration section */

/* Begin XCConfigurationList section */
		FA8BF9302618785B0092138D /* Build configuration list for PBXProject "LoginSkreen" */ = {
			isa = XCConfigurationList;
			buildConfigurations = (
				FA8BF9472618785C0092138D /* Debug */,
				FA8BF9482618785C0092138D /* Release */,
			);
			defaultConfigurationIsVisible = 0;
			defaultConfigurationName = Release;
		};
		FA8BF9492618785C0092138D /* Build configuration list for PBXNativeTarget "LoginSkreen" */ = {
			isa = XCConfigurationList;
			buildConfigurations = (
				FA8BF94A2618785C0092138D /* Debug */,
				FA8BF94B2618785C0092138D /* Release */,
			);
			defaultConfigurationIsVisible = 0;
			defaultConfigurationName = Release;
		};
/* End XCConfigurationList section */
	};
	rootObject = FA8BF92D2618785B0092138D /* Project object */;
}
